
Microsoft Visual Studio Solution File, Format Version 12.00
# Visual Studio Version 16
VisualStudioVersion = 16.0.31624.102
MinimumVisualStudioVersion = 10.0.40219.1
Project("{9A19103F-16F7-4668-BE54-9A1E7A4F7556}") = "Web_lab", "Web_lab\Web_lab.csproj", "{36649F4B-14E3-497E-A0D3-3DE852B535DF}"
EndProject
Global
	GlobalSection(SolutionConfigurationPlatforms) = preSolution
		Debug|Any CPU = Debug|Any CPU
		Release|Any CPU = Release|Any CPU
	EndGlobalSection
	GlobalSection(ProjectConfigurationPlatforms) = postSolution
		{36649F4B-14E3-497E-A0D3-3DE852B535DF}.Debug|Any CPU.ActiveCfg = Debug|Any CPU
		{36649F4B-14E3-497E-A0D3-3DE852B535DF}.Debug|Any CPU.Build.0 = Debug|Any CPU
		{36649F4B-14E3-497E-A0D3-3DE852B535DF}.Release|Any CPU.ActiveCfg = Release|Any CPU
		{36649F4B-14E3-497E-A0D3-3DE852B535DF}.Release|Any CPU.Build.0 = Release|Any CPU
	EndGlobalSection
	GlobalSection(SolutionProperties) = preSolution
		HideSolutionNode = FALSE
	EndGlobalSection
	GlobalSection(ExtensibilityGlobals) = postSolution
		SolutionGuid = {A55099DB-AD62-4B3F-9D13-57DC947E96A5}
	EndGlobalSection
EndGlobal
